github.com/changkun/lockfree v0.0.1 h1:5WefVJLglY4IHRqOQmh6Ao6wkJYaJkarshKU8VUtId4=
github.com/changkun/lockfree v0.0.1/go.mod h1:3bKiaXn/iNzIPlSvSOMSVbRQUQtAp8qUAyBUtzU11s4=
github.com/google/uuid v1.6.0 h1:NIvaJDMOsjHA8n1jAhLSgzrAzy1Hgr+hNrb57e+94F0=
github.com/google/uuid v1.6.0/go.mod h1:TIyPZe4MgqvfeYDBFedMoGGpEw/LqOeaOT+nhxU+yHo=
golang.design/x/lockfree v0.0.1 h1:IHFNwZgM5bnZYWkEbzn5lWHMYr8WsRBdCJ/RBVY0xMM=
golang.design/x/lockfree v0.0.1/go.mod h1:iaZUx6UgZaOdePjzI6wFd+seYMl1i0rsG8+xKvA8c4I=
